// !$*UTF8*$!
{
	archiveVersion = 1;
	classes = {
	};
	objectVersion = 55;
	objects = {

/* Begin PBXBuildFile section */
		8F263D2727FBA04300BBB89B /* AppDelegate.swift in Sources */ = {isa = PBXBuildFile; fileRef = 8F263D2627FBA04300BBB89B /* AppDelegate.swift */; };
		8F263D2927FBA04300BBB89B /* SceneDelegate.swift in Sources */ = {isa = PBXBuildFile; fileRef = 8F263D2827FBA04300BBB89B /* SceneDelegate.swift */; };
		8F263D2B27FBA04300BBB89B /* HomeViewController.swift in Sources */ = {isa = PBXBuildFile; fileRef = 8F263D2A27FBA04300BBB89B /* HomeViewController.swift */; };
		8F263D3027FBA04400BBB89B /* Assets.xcassets in Resources */ = {isa = PBXBuildFile; fileRef = 8F263D2F27FBA04400BBB89B /* Assets.xcassets */; };
		8F263D3327FBA04400BBB89B /* LaunchScreen.storyboard in Resources */ = {isa = PBXBuildFile; fileRef = 8F263D3127FBA04400BBB89B /* LaunchScreen.storyboard */; };
		8F263D3C27FBA0E000BBB89B /* Coordinator.swift in Sources */ = {isa = PBXBuildFile; fileRef = 8F263D3B27FBA0E000BBB89B /* Coordinator.swift */; };
		8F263D3E27FBA19F00BBB89B /* AppCoordinator.swift in Sources */ = {isa = PBXBuildFile; fileRef = 8F263D3D27FBA19F00BBB89B /* AppCoordinator.swift */; };
		8F263D4227FBA36000BBB89B /* HomeCoordinator.swift in Sources */ = {isa = PBXBuildFile; fileRef = 8F263D4127FBA36000BBB89B /* HomeCoordinator.swift */; };
		8F263D4627FBA6C300BBB89B /* HomeViewModel.swift in Sources */ = {isa = PBXBuildFile; fileRef = 8F263D4527FBA6C300BBB89B /* HomeViewModel.swift */; };
		8F263D4927FBAA3700BBB89B /* DetailsViewController.swift in Sources */ = {isa = PBXBuildFile; fileRef = 8F263D4827FBAA3700BBB89B /* DetailsViewController.swift */; };
		8F263D4C27FBAA5000BBB89B /* DetailsViewModel.swift in Sources */ = {isa = PBXBuildFile; fileRef = 8F263D4B27FBAA5000BBB89B /* DetailsViewModel.swift */; };
		8F263D4E27FBAAA300BBB89B /* DetailsCoordinator.swift in Sources */ = {isa = PBXBuildFile; fileRef = 8F263D4D27FBAAA300BBB89B /* DetailsCoordinator.swift */; };
/* End PBXBuildFile section */

/* Begin PBXFileReference section */
		8F263D2327FBA04300BBB89B /* CoordinatorApp.app */ = {isa = PBXFileReference; explicitFileType = wrapper.application; includeInIndex = 0; path = CoordinatorApp.app; sourceTree = BUILT_PRODUCTS_DIR; };
		8F263D2627FBA04300BBB89B /* AppDelegate.swift */ = {isa = PBXFileReference; lastKnownFileType = sourcecode.swift; path = AppDelegate.swift; sourceTree = "<group>"; };
		8F263D2827FBA04300BBB89B /* SceneDelegate.swift */ = {isa = PBXFileReference; lastKnownFileType = sourcecode.swift; path = SceneDelegate.swift; sourceTree = "<group>"; };
		8F263D2A27FBA04300BBB89B /* HomeViewController.swift */ = {isa = PBXFileReference; lastKnownFileType = sourcecode.swift; path = HomeViewController.swift; sourceTree = "<group>"; };
		8F263D2F27FBA04400BBB89B /* Assets.xcassets */ = {isa = PBXFileReference; lastKnownFileType = folder.assetcatalog; path = Assets.xcassets; sourceTree = "<group>"; };
		8F263D3227FBA04400BBB89B /* Base */ = {isa = PBXFileReference; lastKnownFileType = file.storyboard; name = Base; path = Base.lproj/LaunchScreen.storyboard; sourceTree = "<group>"; };
		8F263D3427FBA04400BBB89B /* Info.plist */ = {isa = PBXFileReference; lastKnownFileType = text.plist.xml; path = Info.plist; sourceTree = "<group>"; };
		8F263D3B27FBA0E000BBB89B /* Coordinator.swift */ = {isa = PBXFileReference; lastKnownFileType = sourcecode.swift; path = Coordinator.swift; sourceTree = "<group>"; };
		8F263D3D27FBA19F00BBB89B /* AppCoordinator.swift */ = {isa = PBXFileReference; lastKnownFileType = sourcecode.swift; path = AppCoordinator.swift; sourceTree = "<group>"; };
		8F263D4127FBA36000BBB89B /* HomeCoordinator.swift */ = {isa = PBXFileReference; lastKnownFileType = sourcecode.swift; path = HomeCoordinator.swift; sourceTree = "<group>"; };
		8F263D4527FBA6C300BBB89B /* HomeViewModel.swift */ = {isa = PBXFileReference; lastKnownFileType = sourcecode.swift; path = HomeViewModel.swift; sourceTree = "<group>"; };
		8F263D4827FBAA3700BBB89B /* DetailsViewController.swift */ = {isa = PBXFileReference; lastKnownFileType = sourcecode.swift; path = DetailsViewController.swift; sourceTree = "<group>"; };
		8F263D4B27FBAA5000BBB89B /* DetailsViewModel.swift */ = {isa = PBXFileReference; lastKnownFileType = sourcecode.swift; path = DetailsViewModel.swift; sourceTree = "<group>"; };
		8F263D4D27FBAAA300BBB89B /* DetailsCoordinator.swift */ = {isa = PBXFileReference; lastKnownFileType = sourcecode.swift; path = DetailsCoordinator.swift; sourceTree = "<group>"; };
/* End PBXFileReference section */

/* Begin PBXFrameworksBuildPhase section */
		8F263D2027FBA04300BBB89B /* Frameworks */ = {
			isa = PBXFrameworksBuildPhase;
			buildActionMask = 2147483647;
			files = (
			);
			runOnlyForDeploymentPostprocessing = 0;
		};
/* End PBXFrameworksBuildPhase section */

/* Begin PBXGroup section */
		8F263D1A27FBA04200BBB89B = {
			isa = PBXGroup;
			children = (
				8F263D2527FBA04300BBB89B /* CoordinatorApp */,
				8F263D2427FBA04300BBB89B /* Products */,
			);
			sourceTree = "<group>";
		};
		8F263D2427FBA04300BBB89B /* Products */ = {
			isa = PBXGroup;
			children = (
				8F263D2327FBA04300BBB89B /* CoordinatorApp.app */,
			);
			name = Products;
			sourceTree = "<group>";
		};
		8F263D2527FBA04300BBB89B /* CoordinatorApp */ = {
			isa = PBXGroup;
			children = (
				8F263D4327FBA6A800BBB89B /* ViewModel */,
				8F263D3F27FBA32700BBB89B /* Scenes */,
				8F263D3A27FBA0C500BBB89B /* Coordinator */,
				8F263D2627FBA04300BBB89B /* AppDelegate.swift */,
				8F263D2827FBA04300BBB89B /* SceneDelegate.swift */,
				8F263D2F27FBA04400BBB89B /* Assets.xcassets */,
				8F263D3127FBA04400BBB89B /* LaunchScreen.storyboard */,
				8F263D3427FBA04400BBB89B /* Info.plist */,
			);
			path = CoordinatorApp;
			sourceTree = "<group>";
		};
		8F263D3A27FBA0C500BBB89B /* Coordinator */ = {
			isa = PBXGroup;
			children = (
				8F263D3B27FBA0E000BBB89B /* Coordinator.swift */,
				8F263D3D27FBA19F00BBB89B /* AppCoordinator.swift */,
			);
			path = Coordinator;
			sourceTree = "<group>";
		};
		8F263D3F27FBA32700BBB89B /* Scenes */ = {
			isa = PBXGroup;
			children = (
				8F263D4727FBAA1D00BBB89B /* Details */,
				8F263D4027FBA33700BBB89B /* Home */,
			);
			path = Scenes;
			sourceTree = "<group>";
		};
		8F263D4027FBA33700BBB89B /* Home */ = {
			isa = PBXGroup;
			children = (
				8F263D2A27FBA04300BBB89B /* HomeViewController.swift */,
				8F263D4127FBA36000BBB89B /* HomeCoordinator.swift */,
			);
			path = Home;
			sourceTree = "<group>";
		};
		8F263D4327FBA6A800BBB89B /* ViewModel */ = {
			isa = PBXGroup;
			children = (
				8F263D4A27FBAA4300BBB89B /* Details */,
				8F263D4427FBA6B300BBB89B /* Home */,
			);
			path = ViewModel;
			sourceTree = "<group>";
		};
		8F263D4427FBA6B300BBB89B /* Home */ = {
			isa = PBXGroup;
			children = (
				8F263D4527FBA6C300BBB89B /* HomeViewModel.swift */,
			);
			path = Home;
			sourceTree = "<group>";
		};
		8F263D4727FBAA1D00BBB89B /* Details */ = {
			isa = PBXGroup;
			children = (
				8F263D4827FBAA3700BBB89B /* DetailsViewController.swift */,
				8F263D4D27FBAAA300BBB89B /* DetailsCoordinator.swift */,
			);
			path = Details;
			sourceTree = "<group>";
		};
		8F263D4A27FBAA4300BBB89B /* Details */ = {
			isa = PBXGroup;
			children = (
				8F263D4B27FBAA5000BBB89B /* DetailsViewModel.swift */,
			);
			path = Details;
			sourceTree = "<group>";
		};
/* End PBXGroup section */

/* Begin PBXNativeTarget section */
		8F263D2227FBA04300BBB89B /* CoordinatorApp */ = {
			isa = PBXNativeTarget;
			buildConfigurationList = 8F263D3727FBA04400BBB89B /* Build configuration list for PBXNativeTarget "CoordinatorApp" */;
			buildPhases = (
				8F263D1F27FBA04300BBB89B /* Sources */,
				8F263D2027FBA04300BBB89B /* Frameworks */,
				8F263D2127FBA04300BBB89B /* Resources */,
			);
			buildRules = (
			);
			dependencies = (
			);
			name = CoordinatorApp;
			productName = CoordinatorApp;
			productReference = 8F263D2327FBA04300BBB89B /* CoordinatorApp.app */;
			productType = "com.apple.product-type.application";
		};
/* End PBXNativeTarget section */

/* Begin PBXProject section */
		8F263D1B27FBA04200BBB89B /* Project object */ = {
			isa = PBXProject;
			attributes = {
				BuildIndependentTargetsInParallel = 1;
				LastSwiftUpdateCheck = 1330;
				LastUpgradeCheck = 1330;
				TargetAttributes = {
					8F263D2227FBA04300BBB89B = {
						CreatedOnToolsVersion = 13.3;
					};
				};
			};
			buildConfigurationList = 8F263D1E27FBA04200BBB89B /* Build configuration list for PBXProject "CoordinatorApp" */;
			compatibilityVersion = "Xcode 13.0";
			developmentRegion = en;
			hasScannedForEncodings = 0;
			knownRegions = (
				en,
				Base,
			);
			mainGroup = 8F263D1A27FBA04200BBB89B;
			productRefGroup = 8F263D2427FBA04300BBB89B /* Products */;
			projectDirPath = "";
			projectRoot = "";
			targets = (
				8F263D2227FBA04300BBB89B /* CoordinatorApp */,
			);
		};
/* End PBXProject section */

/* Begin PBXResourcesBuildPhase section */
		8F263D2127FBA04300BBB89B /* Resources */ = {
			isa = PBXResourcesBuildPhase;
			buildActionMask = 2147483647;
			files = (
				8F263D3327FBA04400BBB89B /* LaunchScreen.storyboard in Resources */,
				8F263D3027FBA04400BBB89B /* Assets.xcassets in Resources */,
			);
			runOnlyForDeploymentPostprocessing = 0;
		};
/* End PBXResourcesBuildPhase section */

/* Begin PBXSourcesBuildPhase section */
		8F263D1F27FBA04300BBB89B /* Sources */ = {
			isa = PBXSourcesBuildPhase;
			buildActionMask = 2147483647;
			files = (
				8F263D3C27FBA0E000BBB89B /* Coordinator.swift in Sources */,
				8F263D2B27FBA04300BBB89B /* HomeViewController.swift in Sources */,
				8F263D4627FBA6C300BBB89B /* HomeViewModel.swift in Sources */,
				8F263D4927FBAA3700BBB89B /* DetailsViewController.swift in Sources */,
				8F263D3E27FBA19F00BBB89B /* AppCoordinator.swift in Sources */,
				8F263D2727FBA04300BBB89B /* AppDelegate.swift in Sources */,
				8F263D2927FBA04300BBB89B /* SceneDelegate.swift in Sources */,
				8F263D4227FBA36000BBB89B /* HomeCoordinator.swift in Sources */,
				8F263D4C27FBAA5000BBB89B /* DetailsViewModel.swift in Sources */,
				8F263D4E27FBAAA300BBB89B /* DetailsCoordinator.swift in Sources */,
			);
			runOnlyForDeploymentPostprocessing = 0;
		};
/* End PBXSourcesBuildPhase section */

/* Begin PBXVariantGroup section */
		8F263D3127FBA04400BBB89B /* LaunchScreen.storyboard */ = {
			isa = PBXVariantGroup;
			children = (
				8F263D3227FBA04400BBB89B /* Base */,
			);
			name = LaunchScreen.storyboard;
			sourceTree = "<group>";
		};
/* End PBXVariantGroup section */

/* Begin XCBuildConfiguration section */
		8F263D3527FBA04400BBB89B /* Debug */ = {
			isa = XCBuildConfiguration;
			buildSettings = {
				ALWAYS_SEARCH_USER_PATHS = NO;
				CLANG_ANALYZER_NONNULL = YES;
				CLANG_ANALYZER_NUMBER_OBJECT_CONVERSION = YES_AGGRESSIVE;
				CLANG_CXX_LANGUAGE_STANDARD = "gnu++17";
				CLANG_ENABLE_MODULES = YES;
				CLANG_ENABLE_OBJC_ARC = YES;
				CLANG_ENABLE_OBJC_WEAK = YES;
				CLANG_WARN_BLOCK_CAPTURE_AUTORELEASING = YES;
				CLANG_WARN_BOOL_CONVERSION = YES;
				CLANG_WARN_COMMA = YES;
				CLANG_WARN_CONSTANT_CONVERSION = YES;
				CLANG_WARN_DEPRECATED_OBJC_IMPLEMENTATIONS = YES;
				CLANG_WARN_DIRECT_OBJC_ISA_USAGE = YES_ERROR;
				CLANG_WARN_DOCUMENTATION_COMMENTS = YES;
				CLANG_WARN_EMPTY_BODY = YES;
				CLANG_WARN_ENUM_CONVERSION = YES;
				CLANG_WARN_INFINITE_RECURSION = YES;
				CLANG_WARN_INT_CONVERSION = YES;
				CLANG_WARN_NON_LITERAL_NULL_CONVERSION = YES;
				CLANG_WARN_OBJC_IMPLICIT_RETAIN_SELF = YES;
				CLANG_WARN_OBJC_LITERAL_CONVERSION = YES;
				CLANG_WARN_OBJC_ROOT_CLASS = YES_ERROR;
				CLANG_WARN_QUOTED_INCLUDE_IN_FRAMEWORK_HEADER = YES;
				CLANG_WARN_RANGE_LOOP_ANALYSIS = YES;
				CLANG_WARN_STRICT_PROTOTYPES = YES;
				CLANG_WARN_SUSPICIOUS_MOVE = YES;
				CLANG_WARN_UNGUARDED_AVAILABILITY = YES_AGGRESSIVE;
				CLANG_WARN_UNREACHABLE_CODE = YES;
				CLANG_WARN__DUPLICATE_METHOD_MATCH = YES;
				COPY_PHASE_STRIP = NO;
				DEBUG_INFORMATION_FORMAT = dwarf;
				ENABLE_STRICT_OBJC_MSGSEND = YES;
				ENABLE_TESTABILITY = YES;
				GCC_C_LANGUAGE_STANDARD = gnu11;
				GCC_DYNAMIC_NO_PIC = NO;
				GCC_NO_COMMON_BLOCKS = YES;
				GCC_OPTIMIZATION_LEVEL = 0;
				GCC_PREPROCESSOR_DEFINITIONS = (
					"DEBUG=1",
					"$(inherited)",
				);
				GCC_WARN_64_TO_32_BIT_CONVERSION = YES;
				GCC_WARN_ABOUT_RETURN_TYPE = YES_ERROR;
				GCC_WARN_UNDECLARED_SELECTOR = YES;
				GCC_WARN_UNINITIALIZED_AUTOS = YES_AGGRESSIVE;
				GCC_WARN_UNUSED_FUNCTION = YES;
				GCC_WARN_UNUSED_VARIABLE = YES;
				IPHONEOS_DEPLOYMENT_TARGET = 15.4;
				MTL_ENABLE_DEBUG_INFO = INCLUDE_SOURCE;
				MTL_FAST_MATH = YES;
				ONLY_ACTIVE_ARCH = YES;
				SDKROOT = iphoneos;
				SWIFT_ACTIVE_COMPILATION_CONDITIONS = DEBUG;
				SWIFT_OPTIMIZATION_LEVEL = "-Onone";
			};
			name = Debug;
		};
		8F263D3627FBA04400BBB89B /* Release */ = {
			isa = XCBuildConfiguration;
			buildSettings = {
				ALWAYS_SEARCH_USER_PATHS = NO;
				CLANG_ANALYZER_NONNULL = YES;
				CLANG_ANALYZER_NUMBER_OBJECT_CONVERSION = YES_AGGRESSIVE;
				CLANG_CXX_LANGUAGE_STANDARD = "gnu++17";
				CLANG_ENABLE_MODULES = YES;
				CLANG_ENABLE_OBJC_ARC = YES;
				CLANG_ENABLE_OBJC_WEAK = YES;
				CLANG_WARN_BLOCK_CAPTURE_AUTORELEASING = YES;
				CLANG_WARN_BOOL_CONVERSION = YES;
				CLANG_WARN_COMMA = YES;
				CLANG_WARN_CONSTANT_CONVERSION = YES;
				CLANG_WARN_DEPRECATED_OBJC_IMPLEMENTATIONS = YES;
				CLANG_WARN_DIRECT_OBJC_ISA_USAGE = YES_ERROR;
				CLANG_WARN_DOCUMENTATION_COMMENTS = YES;
				CLANG_WARN_EMPTY_BODY = YES;
				CLANG_WARN_ENUM_CONVERSION = YES;
				CLANG_WARN_INFINITE_RECURSION = YES;
				CLANG_WARN_INT_CONVERSION = YES;
				CLANG_WARN_NON_LITERAL_NULL_CONVERSION = YES;
				CLANG_WARN_OBJC_IMPLICIT_RETAIN_SELF = YES;
				CLANG_WARN_OBJC_LITERAL_CONVERSION = YES;
				CLANG_WARN_OBJC_ROOT_CLASS = YES_ERROR;
				CLANG_WARN_QUOTED_INCLUDE_IN_FRAMEWORK_HEADER = YES;
				CLANG_WARN_RANGE_LOOP_ANALYSIS = YES;
				CLANG_WARN_STRICT_PROTOTYPES = YES;
				CLANG_WARN_SUSPICIOUS_MOVE = YES;
				CLANG_WARN_UNGUARDED_AVAILABILITY = YES_AGGRESSIVE;
				CLANG_WARN_UNREACHABLE_CODE = YES;
				CLANG_WARN__DUPLICATE_METHOD_MATCH = YES;
				COPY_PHASE_STRIP = NO;
				DEBUG_INFORMATION_FORMAT = "dwarf-with-dsym";
				ENABLE_NS_ASSERTIONS = NO;
				ENABLE_STRICT_OBJC_MSGSEND = YES;
				GCC_C_LANGUAGE_STANDARD = gnu11;
				GCC_NO_COMMON_BLOCKS = YES;
				GCC_WARN_64_TO_32_BIT_CONVERSION = YES;
				GCC_WARN_ABOUT_RETURN_TYPE = YES_ERROR;
				GCC_WARN_UNDECLARED_SELECTOR = YES;
				GCC_WARN_UNINITIALIZED_AUTOS = YES_AGGRESSIVE;
				GCC_WARN_UNUSED_FUNCTION = YES;
				GCC_WARN_UNUSED_VARIABLE = YES;
				IPHONEOS_DEPLOYMENT_TARGET = 15.4;
				MTL_ENABLE_DEBUG_INFO = NO;
				MTL_FAST_MATH = YES;
				SDKROOT = iphoneos;
				SWIFT_COMPILATION_MODE = wholemodule;
				SWIFT_OPTIMIZATION_LEVEL = "-O";
				VALIDATE_PRODUCT = YES;
			};
			name = Release;
		};
		8F263D3827FBA04400BBB89B /* Debug */ = {
			isa = XCBuildConfiguration;
			buildSettings = {
				ASSETCATALOG_COMPILER_APPICON_NAME = AppIcon;
				ASSETCATALOG_COMPILER_GLOBAL_ACCENT_COLOR_NAME = AccentColor;
				CODE_SIGN_STYLE = Automatic;
				CURRENT_PROJECT_VERSION = 1;
				DEVELOPMENT_TEAM = PWY5J637BZ;
				GENERATE_INFOPLIST_FILE = YES;
				INFOPLIST_FILE = CoordinatorApp/Info.plist;
				INFOPLIST_KEY_UIApplicationSupportsIndirectInputEvents = YES;
				INFOPLIST_KEY_UILaunchStoryboardName = LaunchScreen;
				INFOPLIST_KEY_UISupportedInterfaceOrientations_iPad = "UIInterfaceOrientationPortrait UIInterfaceOrientationPortraitUpsideDown UIInterfaceOrientationLandscapeLeft UIInterfaceOrientationLandscapeRight";
				INFOPLIST_KEY_UISupportedInterfaceOrientations_iPhone = "UIInterfaceOrientationPortrait UIInterfaceOrientationLandscapeLeft UIInterfaceOrientationLandscapeRight";
				IPHONEOS_DEPLOYMENT_TARGET = 13.0;
				LD_RUNPATH_SEARCH_PATHS = (
					"$(inherited)",
					"@executable_path/Frameworks",
				);
				MARKETING_VERSION = 1.0;
				PRODUCT_BUNDLE_IDENTIFIER = com.doug.CoordinatorApp;
				PRODUCT_NAME = "$(TARGET_NAME)";
				SWIFT_EMIT_LOC_STRINGS = YES;
				SWIFT_VERSION = 5.0;
				TARGETED_DEVICE_FAMILY = 1;
			};
			name = Debug;
		};
		8F263D3927FBA04400BBB89B /* Release */ = {
			isa = XCBuildConfiguration;
			buildSettings = {
				ASSETCATALOG_COMPILER_APPICON_NAME = AppIcon;
				ASSETCATALOG_COMPILER_GLOBAL_ACCENT_COLOR_NAME = AccentColor;
				CODE_SIGN_STYLE = Automatic;
				CURRENT_PROJECT_VERSION = 1;
				DEVELOPMENT_TEAM = PWY5J637BZ;
				GENERATE_INFOPLIST_FILE = YES;
				INFOPLIST_FILE = CoordinatorApp/Info.plist;
				INFOPLIST_KEY_UIApplicationSupportsIndirectInputEvents = YES;
				INFOPLIST_KEY_UILaunchStoryboardName = LaunchScreen;
				INFOPLIST_KEY_UISupportedInterfaceOrientations_iPad = "UIInterfaceOrientationPortrait UIInterfaceOrientationPortraitUpsideDown UIInterfaceOrientationLandscapeLeft UIInterfaceOrientationLandscapeRight";
				INFOPLIST_KEY_UISupportedInterfaceOrientations_iPhone = "UIInterfaceOrientationPortrait UIInterfaceOrientationLandscapeLeft UIInterfaceOrientationLandscapeRight";
				IPHONEOS_DEPLOYMENT_TARGET = 13.0;
				LD_RUNPATH_SEARCH_PATHS = (
					"$(inherited)",
					"@executable_path/Frameworks",
				);
				MARKETING_VERSION = 1.0;
				PRODUCT_BUNDLE_IDENTIFIER = com.doug.CoordinatorApp;
				PRODUCT_NAME = "$(TARGET_NAME)";
				SWIFT_EMIT_LOC_STRINGS = YES;
				SWIFT_VERSION = 5.0;
				TARGETED_DEVICE_FAMILY = 1;
			};
			name = Release;
		};
/* End XCBuildConfiguration section */

/* Begin XCConfigurationList section */
		8F263D1E27FBA04200BBB89B /* Build configuration list for PBXProject "CoordinatorApp" */ = {
			isa = XCConfigurationList;
			buildConfigurations = (
				8F263D3527FBA04400BBB89B /* Debug */,
				8F263D3627FBA04400BBB89B /* Release */,
			);
			defaultConfigurationIsVisible = 0;
			defaultConfigurationName = Release;
		};
		8F263D3727FBA04400BBB89B /* Build configuration list for PBXNativeTarget "CoordinatorApp" */ = {
			isa = XCConfigurationList;
			buildConfigurations = (
				8F263D3827FBA04400BBB89B /* Debug */,
				8F263D3927FBA04400BBB89B /* Release */,
			);
			defaultConfigurationIsVisible = 0;
			defaultConfigurationName = Release;
		};
/* End XCConfigurationList section */
	};
	rootObject = 8F263D1B27FBA04200BBB89B /* Project object */;
}
